schema: '2.0'
stages:
  data_ingestion:
    cmd: python src/data_ingestion.py
    deps:
    - path: src/data_ingestion.py
      hash: md5
      md5: f81fea4fd92b3152c4d20a523b8ecae1
      size: 3524
    params:
      params.yaml:
        data_ingestion.test_size: 0.3
    outs:
    - path: data/raw
      hash: md5
      md5: d26befd2dda9438254177d9000d9ba1f.dir
      size: 484846
      nfiles: 2
  data_preprocessing:
    cmd: python src/data_preprocessing.py
    deps:
    - path: data/raw
      hash: md5
      md5: d26befd2dda9438254177d9000d9ba1f.dir
      size: 484846
      nfiles: 2
    - path: src/data_preprocessing.py
      hash: md5
      md5: 8fd731b78c5030f814a00230fa10c92b
      size: 3873
    outs:
    - path: data/interim
      hash: md5
      md5: 61ca13b2e20854a1f7bacbbcfeca409e.dir
      size: 262513
      nfiles: 2
  feature_enginnering:
    cmd: python src/feature_engineering.py
    deps:
    - path: data/interim
      hash: md5
      md5: 61ca13b2e20854a1f7bacbbcfeca409e.dir
      size: 262513
      nfiles: 2
    - path: src/feature_engineering.py
      hash: md5
      md5: 24ce8b38a99fb19b674e757f54a950dd
      size: 3797
    params:
      params.yaml:
        feature_engineering.max_features: 14
    outs:
    - path: data/processed
      hash: md5
      md5: 03f0732e2bd96079a44a0d2d56992521.dir
      size: 344540
      nfiles: 2
  model_building:
    cmd: python src/model_building.py
    deps:
    - path: data/processed
      hash: md5
      md5: 03f0732e2bd96079a44a0d2d56992521.dir
      size: 344540
      nfiles: 2
    - path: src/model_building.py
      hash: md5
      md5: a189f74ef03f02a22d54d27446d2b115
      size: 4423
    params:
      params.yaml:
        model_building.n_estimators: 25
        model_building.random_state: 2
    outs:
    - path: models/model.pkl
      hash: md5
      md5: c7f22e833fa400d363ff0f5ac54b6837
      size: 336077
  model_evaluation:
    cmd: python src/model_evaluation.py
    deps:
    - path: models/model.pkl
      hash: md5
      md5: c7f22e833fa400d363ff0f5ac54b6837
      size: 336077
    - path: src/model_evaluation.py
      hash: md5
      md5: faf4a898ac269e11a8a345eb2e7d79c4
      size: 4639
    outs:
    - path: reports/metrics.json
      hash: md5
      md5: c99da9a1fc35b2d8d2776eba52513a7c
      size: 144
