schema: '2.0'
stages:
  data_ingestion:
    cmd: python src/data_ingestion.py
    deps:
    - path: src/data_ingestion.py
      hash: md5
      md5: f81fea4fd92b3152c4d20a523b8ecae1
      size: 3524
    params:
      params.yaml:
        data_ingestion.test_size: 0.4
    outs:
    - path: data/raw
      hash: md5
      md5: dae6e5dd2a6a74278c45ea73027dae3b.dir
      size: 484846
      nfiles: 2
  data_preprocessing:
    cmd: python src/data_preprocessing.py
    deps:
    - path: data/raw
      hash: md5
      md5: dae6e5dd2a6a74278c45ea73027dae3b.dir
      size: 484846
      nfiles: 2
    - path: src/data_preprocessing.py
      hash: md5
      md5: 8fd731b78c5030f814a00230fa10c92b
      size: 3873
    outs:
    - path: data/interim
      hash: md5
      md5: 61ee9bdacf6df4589133481f0e449a09.dir
      size: 263911
      nfiles: 2
  feature_enginnering:
    cmd: python src/feature_engineering.py
    deps:
    - path: data/interim
      hash: md5
      md5: 61ee9bdacf6df4589133481f0e449a09.dir
      size: 263911
      nfiles: 2
    - path: src/feature_engineering.py
      hash: md5
      md5: 24ce8b38a99fb19b674e757f54a950dd
      size: 3797
    params:
      params.yaml:
        feature_engineering.max_features: 18
    outs:
    - path: data/processed
      hash: md5
      md5: 41eb0f8603088d14a070ef5cb29ed729.dir
      size: 441785
      nfiles: 2
  model_building:
    cmd: python src/model_building.py
    deps:
    - path: data/processed
      hash: md5
      md5: 41eb0f8603088d14a070ef5cb29ed729.dir
      size: 441785
      nfiles: 2
    - path: src/model_building.py
      hash: md5
      md5: a189f74ef03f02a22d54d27446d2b115
      size: 4423
    params:
      params.yaml:
        model_building.n_estimators: 30
        model_building.random_state: 2
    outs:
    - path: models/model.pkl
      hash: md5
      md5: 86684d17f4b382aecbaad96d13f131a1
      size: 471766
  model_evaluation:
    cmd: python src/model_evaluation.py
    deps:
    - path: models/model.pkl
      hash: md5
      md5: 86684d17f4b382aecbaad96d13f131a1
      size: 471766
    - path: src/model_evaluation.py
      hash: md5
      md5: faf4a898ac269e11a8a345eb2e7d79c4
      size: 4639
    outs:
    - path: reports/metrics.json
      hash: md5
      md5: 5d1c021abd2143eedaf77f77de7dc4f2
      size: 145
